// !$*UTF8*$!
{
	archiveVersion = 1;
	classes = {
	};
	objectVersion = 56;
	objects = {

/* Begin PBXBuildFile section */
		661CFE412C29BC73008D35A4 /* MultiplicationQuizApp.swift in Sources */ = {isa = PBXBuildFile; fileRef = 661CFE402C29BC73008D35A4 /* MultiplicationQuizApp.swift */; };
		661CFE432C29BC73008D35A4 /* ContentView.swift in Sources */ = {isa = PBXBuildFile; fileRef = 661CFE422C29BC73008D35A4 /* ContentView.swift */; };
		661CFE452C29BC75008D35A4 /* Assets.xcassets in Resources */ = {isa = PBXBuildFile; fileRef = 661CFE442C29BC75008D35A4 /* Assets.xcassets */; };
		661CFE492C29BC75008D35A4 /* Preview Assets.xcassets in Resources */ = {isa = PBXBuildFile; fileRef = 661CFE482C29BC75008D35A4 /* Preview Assets.xcassets */; };
		661CFE502C29BD92008D35A4 /* GameState.swift in Sources */ = {isa = PBXBuildFile; fileRef = 661CFE4F2C29BD92008D35A4 /* GameState.swift */; };
		661CFE522C29BDD7008D35A4 /* MaxNumberSelectionView.swift in Sources */ = {isa = PBXBuildFile; fileRef = 661CFE512C29BDD7008D35A4 /* MaxNumberSelectionView.swift */; };
		661CFE542C29BDFE008D35A4 /* QuestionsCountSelectionView.swift in Sources */ = {isa = PBXBuildFile; fileRef = 661CFE532C29BDFE008D35A4 /* QuestionsCountSelectionView.swift */; };
		661CFE562C29BE10008D35A4 /* GameInProgressView.swift in Sources */ = {isa = PBXBuildFile; fileRef = 661CFE552C29BE10008D35A4 /* GameInProgressView.swift */; };
		661CFE582C29BE1D008D35A4 /* GameFinishedView.swift in Sources */ = {isa = PBXBuildFile; fileRef = 661CFE572C29BE1D008D35A4 /* GameFinishedView.swift */; };
		661CFE5A2C29BF3E008D35A4 /* GameViewModel.swift in Sources */ = {isa = PBXBuildFile; fileRef = 661CFE592C29BF3E008D35A4 /* GameViewModel.swift */; };
		661CFE5C2C29C7E7008D35A4 /* Question.swift in Sources */ = {isa = PBXBuildFile; fileRef = 661CFE5B2C29C7E7008D35A4 /* Question.swift */; };
/* End PBXBuildFile section */

/* Begin PBXFileReference section */
		661CFE3D2C29BC73008D35A4 /* MultiplicationQuiz.app */ = {isa = PBXFileReference; explicitFileType = wrapper.application; includeInIndex = 0; path = MultiplicationQuiz.app; sourceTree = BUILT_PRODUCTS_DIR; };
		661CFE402C29BC73008D35A4 /* MultiplicationQuizApp.swift */ = {isa = PBXFileReference; lastKnownFileType = sourcecode.swift; path = MultiplicationQuizApp.swift; sourceTree = "<group>"; };
		661CFE422C29BC73008D35A4 /* ContentView.swift */ = {isa = PBXFileReference; lastKnownFileType = sourcecode.swift; path = ContentView.swift; sourceTree = "<group>"; };
		661CFE442C29BC75008D35A4 /* Assets.xcassets */ = {isa = PBXFileReference; lastKnownFileType = folder.assetcatalog; path = Assets.xcassets; sourceTree = "<group>"; };
		661CFE462C29BC75008D35A4 /* MultiplicationQuiz.entitlements */ = {isa = PBXFileReference; lastKnownFileType = text.plist.entitlements; path = MultiplicationQuiz.entitlements; sourceTree = "<group>"; };
		661CFE482C29BC75008D35A4 /* Preview Assets.xcassets */ = {isa = PBXFileReference; lastKnownFileType = folder.assetcatalog; path = "Preview Assets.xcassets"; sourceTree = "<group>"; };
		661CFE4F2C29BD92008D35A4 /* GameState.swift */ = {isa = PBXFileReference; lastKnownFileType = sourcecode.swift; path = GameState.swift; sourceTree = "<group>"; };
		661CFE512C29BDD7008D35A4 /* MaxNumberSelectionView.swift */ = {isa = PBXFileReference; lastKnownFileType = sourcecode.swift; path = MaxNumberSelectionView.swift; sourceTree = "<group>"; };
		661CFE532C29BDFE008D35A4 /* QuestionsCountSelectionView.swift */ = {isa = PBXFileReference; lastKnownFileType = sourcecode.swift; path = QuestionsCountSelectionView.swift; sourceTree = "<group>"; };
		661CFE552C29BE10008D35A4 /* GameInProgressView.swift */ = {isa = PBXFileReference; lastKnownFileType = sourcecode.swift; path = GameInProgressView.swift; sourceTree = "<group>"; };
		661CFE572C29BE1D008D35A4 /* GameFinishedView.swift */ = {isa = PBXFileReference; lastKnownFileType = sourcecode.swift; path = GameFinishedView.swift; sourceTree = "<group>"; };
		661CFE592C29BF3E008D35A4 /* GameViewModel.swift */ = {isa = PBXFileReference; lastKnownFileType = sourcecode.swift; path = GameViewModel.swift; sourceTree = "<group>"; };
		661CFE5B2C29C7E7008D35A4 /* Question.swift */ = {isa = PBXFileReference; lastKnownFileType = sourcecode.swift; path = Question.swift; sourceTree = "<group>"; };
/* End PBXFileReference section */

/* Begin PBXFrameworksBuildPhase section */
		661CFE3A2C29BC73008D35A4 /* Frameworks */ = {
			isa = PBXFrameworksBuildPhase;
			buildActionMask = 2147483647;
			files = (
			);
			runOnlyForDeploymentPostprocessing = 0;
		};
/* End PBXFrameworksBuildPhase section */

/* Begin PBXGroup section */
		661CFE342C29BC73008D35A4 = {
			isa = PBXGroup;
			children = (
				661CFE3F2C29BC73008D35A4 /* MultiplicationQuiz */,
				661CFE3E2C29BC73008D35A4 /* Products */,
			);
			sourceTree = "<group>";
		};
		661CFE3E2C29BC73008D35A4 /* Products */ = {
			isa = PBXGroup;
			children = (
				661CFE3D2C29BC73008D35A4 /* MultiplicationQuiz.app */,
			);
			name = Products;
			sourceTree = "<group>";
		};
		661CFE3F2C29BC73008D35A4 /* MultiplicationQuiz */ = {
			isa = PBXGroup;
			children = (
				661CFE402C29BC73008D35A4 /* MultiplicationQuizApp.swift */,
				661CFE422C29BC73008D35A4 /* ContentView.swift */,
				661CFE442C29BC75008D35A4 /* Assets.xcassets */,
				661CFE462C29BC75008D35A4 /* MultiplicationQuiz.entitlements */,
				661CFE472C29BC75008D35A4 /* Preview Content */,
				661CFE4F2C29BD92008D35A4 /* GameState.swift */,
				661CFE512C29BDD7008D35A4 /* MaxNumberSelectionView.swift */,
				661CFE532C29BDFE008D35A4 /* QuestionsCountSelectionView.swift */,
				661CFE552C29BE10008D35A4 /* GameInProgressView.swift */,
				661CFE572C29BE1D008D35A4 /* GameFinishedView.swift */,
				661CFE592C29BF3E008D35A4 /* GameViewModel.swift */,
				661CFE5B2C29C7E7008D35A4 /* Question.swift */,
			);
			path = MultiplicationQuiz;
			sourceTree = "<group>";
		};
		661CFE472C29BC75008D35A4 /* Preview Content */ = {
			isa = PBXGroup;
			children = (
				661CFE482C29BC75008D35A4 /* Preview Assets.xcassets */,
			);
			path = "Preview Content";
			sourceTree = "<group>";
		};
/* End PBXGroup section */

/* Begin PBXNativeTarget section */
		661CFE3C2C29BC73008D35A4 /* MultiplicationQuiz */ = {
			isa = PBXNativeTarget;
			buildConfigurationList = 661CFE4C2C29BC75008D35A4 /* Build configuration list for PBXNativeTarget "MultiplicationQuiz" */;
			buildPhases = (
				661CFE392C29BC73008D35A4 /* Sources */,
				661CFE3A2C29BC73008D35A4 /* Frameworks */,
				661CFE3B2C29BC73008D35A4 /* Resources */,
			);
			buildRules = (
			);
			dependencies = (
			);
			name = MultiplicationQuiz;
			productName = MultiplicationQuiz;
			productReference = 661CFE3D2C29BC73008D35A4 /* MultiplicationQuiz.app */;
			productType = "com.apple.product-type.application";
		};
/* End PBXNativeTarget section */

/* Begin PBXProject section */
		661CFE352C29BC73008D35A4 /* Project object */ = {
			isa = PBXProject;
			attributes = {
				BuildIndependentTargetsInParallel = 1;
				LastSwiftUpdateCheck = 1530;
				LastUpgradeCheck = 1530;
				TargetAttributes = {
					661CFE3C2C29BC73008D35A4 = {
						CreatedOnToolsVersion = 15.3;
					};
				};
			};
			buildConfigurationList = 661CFE382C29BC73008D35A4 /* Build configuration list for PBXProject "MultiplicationQuiz" */;
			compatibilityVersion = "Xcode 14.0";
			developmentRegion = en;
			hasScannedForEncodings = 0;
			knownRegions = (
				en,
				Base,
			);
			mainGroup = 661CFE342C29BC73008D35A4;
			productRefGroup = 661CFE3E2C29BC73008D35A4 /* Products */;
			projectDirPath = "";
			projectRoot = "";
			targets = (
				661CFE3C2C29BC73008D35A4 /* MultiplicationQuiz */,
			);
		};
/* End PBXProject section */

/* Begin PBXResourcesBuildPhase section */
		661CFE3B2C29BC73008D35A4 /* Resources */ = {
			isa = PBXResourcesBuildPhase;
			buildActionMask = 2147483647;
			files = (
				661CFE492C29BC75008D35A4 /* Preview Assets.xcassets in Resources */,
				661CFE452C29BC75008D35A4 /* Assets.xcassets in Resources */,
			);
			runOnlyForDeploymentPostprocessing = 0;
		};
/* End PBXResourcesBuildPhase section */

/* Begin PBXSourcesBuildPhase section */
		661CFE392C29BC73008D35A4 /* Sources */ = {
			isa = PBXSourcesBuildPhase;
			buildActionMask = 2147483647;
			files = (
				661CFE502C29BD92008D35A4 /* GameState.swift in Sources */,
				661CFE542C29BDFE008D35A4 /* QuestionsCountSelectionView.swift in Sources */,
				661CFE562C29BE10008D35A4 /* GameInProgressView.swift in Sources */,
				661CFE5C2C29C7E7008D35A4 /* Question.swift in Sources */,
				661CFE432C29BC73008D35A4 /* ContentView.swift in Sources */,
				661CFE5A2C29BF3E008D35A4 /* GameViewModel.swift in Sources */,
				661CFE522C29BDD7008D35A4 /* MaxNumberSelectionView.swift in Sources */,
				661CFE582C29BE1D008D35A4 /* GameFinishedView.swift in Sources */,
				661CFE412C29BC73008D35A4 /* MultiplicationQuizApp.swift in Sources */,
			);
			runOnlyForDeploymentPostprocessing = 0;
		};
/* End PBXSourcesBuildPhase section */

/* Begin XCBuildConfiguration section */
		661CFE4A2C29BC75008D35A4 /* Debug */ = {
			isa = XCBuildConfiguration;
			buildSettings = {
				ALWAYS_SEARCH_USER_PATHS = NO;
				ASSETCATALOG_COMPILER_GENERATE_SWIFT_ASSET_SYMBOL_EXTENSIONS = YES;
				CLANG_ANALYZER_NONNULL = YES;
				CLANG_ANALYZER_NUMBER_OBJECT_CONVERSION = YES_AGGRESSIVE;
				CLANG_CXX_LANGUAGE_STANDARD = "gnu++20";
				CLANG_ENABLE_MODULES = YES;
				CLANG_ENABLE_OBJC_ARC = YES;
				CLANG_ENABLE_OBJC_WEAK = YES;
				CLANG_WARN_BLOCK_CAPTURE_AUTORELEASING = YES;
				CLANG_WARN_BOOL_CONVERSION = YES;
				CLANG_WARN_COMMA = YES;
				CLANG_WARN_CONSTANT_CONVERSION = YES;
				CLANG_WARN_DEPRECATED_OBJC_IMPLEMENTATIONS = YES;
				CLANG_WARN_DIRECT_OBJC_ISA_USAGE = YES_ERROR;
				CLANG_WARN_DOCUMENTATION_COMMENTS = YES;
				CLANG_WARN_EMPTY_BODY = YES;
				CLANG_WARN_ENUM_CONVERSION = YES;
				CLANG_WARN_INFINITE_RECURSION = YES;
				CLANG_WARN_INT_CONVERSION = YES;
				CLANG_WARN_NON_LITERAL_NULL_CONVERSION = YES;
				CLANG_WARN_OBJC_IMPLICIT_RETAIN_SELF = YES;
				CLANG_WARN_OBJC_LITERAL_CONVERSION = YES;
				CLANG_WARN_OBJC_ROOT_CLASS = YES_ERROR;
				CLANG_WARN_QUOTED_INCLUDE_IN_FRAMEWORK_HEADER = YES;
				CLANG_WARN_RANGE_LOOP_ANALYSIS = YES;
				CLANG_WARN_STRICT_PROTOTYPES = YES;
				CLANG_WARN_SUSPICIOUS_MOVE = YES;
				CLANG_WARN_UNGUARDED_AVAILABILITY = YES_AGGRESSIVE;
				CLANG_WARN_UNREACHABLE_CODE = YES;
				CLANG_WARN__DUPLICATE_METHOD_MATCH = YES;
				COPY_PHASE_STRIP = NO;
				DEBUG_INFORMATION_FORMAT = dwarf;
				ENABLE_STRICT_OBJC_MSGSEND = YES;
				ENABLE_TESTABILITY = YES;
				ENABLE_USER_SCRIPT_SANDBOXING = YES;
				GCC_C_LANGUAGE_STANDARD = gnu17;
				GCC_DYNAMIC_NO_PIC = NO;
				GCC_NO_COMMON_BLOCKS = YES;
				GCC_OPTIMIZATION_LEVEL = 0;
				GCC_PREPROCESSOR_DEFINITIONS = (
					"DEBUG=1",
					"$(inherited)",
				);
				GCC_WARN_64_TO_32_BIT_CONVERSION = YES;
				GCC_WARN_ABOUT_RETURN_TYPE = YES_ERROR;
				GCC_WARN_UNDECLARED_SELECTOR = YES;
				GCC_WARN_UNINITIALIZED_AUTOS = YES_AGGRESSIVE;
				GCC_WARN_UNUSED_FUNCTION = YES;
				GCC_WARN_UNUSED_VARIABLE = YES;
				LOCALIZATION_PREFERS_STRING_CATALOGS = YES;
				MTL_ENABLE_DEBUG_INFO = INCLUDE_SOURCE;
				MTL_FAST_MATH = YES;
				ONLY_ACTIVE_ARCH = YES;
				SWIFT_ACTIVE_COMPILATION_CONDITIONS = "DEBUG $(inherited)";
				SWIFT_OPTIMIZATION_LEVEL = "-Onone";
			};
			name = Debug;
		};
		661CFE4B2C29BC75008D35A4 /* Release */ = {
			isa = XCBuildConfiguration;
			buildSettings = {
				ALWAYS_SEARCH_USER_PATHS = NO;
				ASSETCATALOG_COMPILER_GENERATE_SWIFT_ASSET_SYMBOL_EXTENSIONS = YES;
				CLANG_ANALYZER_NONNULL = YES;
				CLANG_ANALYZER_NUMBER_OBJECT_CONVERSION = YES_AGGRESSIVE;
				CLANG_CXX_LANGUAGE_STANDARD = "gnu++20";
				CLANG_ENABLE_MODULES = YES;
				CLANG_ENABLE_OBJC_ARC = YES;
				CLANG_ENABLE_OBJC_WEAK = YES;
				CLANG_WARN_BLOCK_CAPTURE_AUTORELEASING = YES;
				CLANG_WARN_BOOL_CONVERSION = YES;
				CLANG_WARN_COMMA = YES;
				CLANG_WARN_CONSTANT_CONVERSION = YES;
				CLANG_WARN_DEPRECATED_OBJC_IMPLEMENTATIONS = YES;
				CLANG_WARN_DIRECT_OBJC_ISA_USAGE = YES_ERROR;
				CLANG_WARN_DOCUMENTATION_COMMENTS = YES;
				CLANG_WARN_EMPTY_BODY = YES;
				CLANG_WARN_ENUM_CONVERSION = YES;
				CLANG_WARN_INFINITE_RECURSION = YES;
				CLANG_WARN_INT_CONVERSION = YES;
				CLANG_WARN_NON_LITERAL_NULL_CONVERSION = YES;
				CLANG_WARN_OBJC_IMPLICIT_RETAIN_SELF = YES;
				CLANG_WARN_OBJC_LITERAL_CONVERSION = YES;
				CLANG_WARN_OBJC_ROOT_CLASS = YES_ERROR;
				CLANG_WARN_QUOTED_INCLUDE_IN_FRAMEWORK_HEADER = YES;
				CLANG_WARN_RANGE_LOOP_ANALYSIS = YES;
				CLANG_WARN_STRICT_PROTOTYPES = YES;
				CLANG_WARN_SUSPICIOUS_MOVE = YES;
				CLANG_WARN_UNGUARDED_AVAILABILITY = YES_AGGRESSIVE;
				CLANG_WARN_UNREACHABLE_CODE = YES;
				CLANG_WARN__DUPLICATE_METHOD_MATCH = YES;
				COPY_PHASE_STRIP = NO;
				DEBUG_INFORMATION_FORMAT = "dwarf-with-dsym";
				ENABLE_NS_ASSERTIONS = NO;
				ENABLE_STRICT_OBJC_MSGSEND = YES;
				ENABLE_USER_SCRIPT_SANDBOXING = YES;
				GCC_C_LANGUAGE_STANDARD = gnu17;
				GCC_NO_COMMON_BLOCKS = YES;
				GCC_WARN_64_TO_32_BIT_CONVERSION = YES;
				GCC_WARN_ABOUT_RETURN_TYPE = YES_ERROR;
				GCC_WARN_UNDECLARED_SELECTOR = YES;
				GCC_WARN_UNINITIALIZED_AUTOS = YES_AGGRESSIVE;
				GCC_WARN_UNUSED_FUNCTION = YES;
				GCC_WARN_UNUSED_VARIABLE = YES;
				LOCALIZATION_PREFERS_STRING_CATALOGS = YES;
				MTL_ENABLE_DEBUG_INFO = NO;
				MTL_FAST_MATH = YES;
				SWIFT_COMPILATION_MODE = wholemodule;
			};
			name = Release;
		};
		661CFE4D2C29BC75008D35A4 /* Debug */ = {
			isa = XCBuildConfiguration;
			buildSettings = {
				ASSETCATALOG_COMPILER_APPICON_NAME = AppIcon;
				ASSETCATALOG_COMPILER_GLOBAL_ACCENT_COLOR_NAME = AccentColor;
				CODE_SIGN_ENTITLEMENTS = MultiplicationQuiz/MultiplicationQuiz.entitlements;
				CODE_SIGN_STYLE = Automatic;
				CURRENT_PROJECT_VERSION = 1;
				DEVELOPMENT_ASSET_PATHS = "\"MultiplicationQuiz/Preview Content\"";
				DEVELOPMENT_TEAM = 3P73264FK9;
				ENABLE_HARDENED_RUNTIME = YES;
				ENABLE_PREVIEWS = YES;
				GENERATE_INFOPLIST_FILE = YES;
				"INFOPLIST_KEY_UIApplicationSceneManifest_Generation[sdk=iphoneos*]" = YES;
				"INFOPLIST_KEY_UIApplicationSceneManifest_Generation[sdk=iphonesimulator*]" = YES;
				"INFOPLIST_KEY_UIApplicationSupportsIndirectInputEvents[sdk=iphoneos*]" = YES;
				"INFOPLIST_KEY_UIApplicationSupportsIndirectInputEvents[sdk=iphonesimulator*]" = YES;
				"INFOPLIST_KEY_UILaunchScreen_Generation[sdk=iphoneos*]" = YES;
				"INFOPLIST_KEY_UILaunchScreen_Generation[sdk=iphonesimulator*]" = YES;
				"INFOPLIST_KEY_UIStatusBarStyle[sdk=iphoneos*]" = UIStatusBarStyleDefault;
				"INFOPLIST_KEY_UIStatusBarStyle[sdk=iphonesimulator*]" = UIStatusBarStyleDefault;
				INFOPLIST_KEY_UISupportedInterfaceOrientations_iPad = "UIInterfaceOrientationPortrait UIInterfaceOrientationPortraitUpsideDown UIInterfaceOrientationLandscapeLeft UIInterfaceOrientationLandscapeRight";
				INFOPLIST_KEY_UISupportedInterfaceOrientations_iPhone = "UIInterfaceOrientationPortrait UIInterfaceOrientationLandscapeLeft UIInterfaceOrientationLandscapeRight";
				IPHONEOS_DEPLOYMENT_TARGET = 17.4;
				LD_RUNPATH_SEARCH_PATHS = "@executable_path/Frameworks";
				"LD_RUNPATH_SEARCH_PATHS[sdk=macosx*]" = "@executable_path/../Frameworks";
				MACOSX_DEPLOYMENT_TARGET = 14.4;
				MARKETING_VERSION = 1.0;
				PRODUCT_BUNDLE_IDENTIFIER = com.kuczynskihubert.MultiplicationQuiz;
				PRODUCT_NAME = "$(TARGET_NAME)";
				SDKROOT = auto;
				SUPPORTED_PLATFORMS = "iphoneos iphonesimulator macosx";
				SWIFT_EMIT_LOC_STRINGS = YES;
				SWIFT_VERSION = 5.0;
				TARGETED_DEVICE_FAMILY = "1,2";
			};
			name = Debug;
		};
		661CFE4E2C29BC75008D35A4 /* Release */ = {
			isa = XCBuildConfiguration;
			buildSettings = {
				ASSETCATALOG_COMPILER_APPICON_NAME = AppIcon;
				ASSETCATALOG_COMPILER_GLOBAL_ACCENT_COLOR_NAME = AccentColor;
				CODE_SIGN_ENTITLEMENTS = MultiplicationQuiz/MultiplicationQuiz.entitlements;
				CODE_SIGN_STYLE = Automatic;
				CURRENT_PROJECT_VERSION = 1;
				DEVELOPMENT_ASSET_PATHS = "\"MultiplicationQuiz/Preview Content\"";
				DEVELOPMENT_TEAM = 3P73264FK9;
				ENABLE_HARDENED_RUNTIME = YES;
				ENABLE_PREVIEWS = YES;
				GENERATE_INFOPLIST_FILE = YES;
				"INFOPLIST_KEY_UIApplicationSceneManifest_Generation[sdk=iphoneos*]" = YES;
				"INFOPLIST_KEY_UIApplicationSceneManifest_Generation[sdk=iphonesimulator*]" = YES;
				"INFOPLIST_KEY_UIApplicationSupportsIndirectInputEvents[sdk=iphoneos*]" = YES;
				"INFOPLIST_KEY_UIApplicationSupportsIndirectInputEvents[sdk=iphonesimulator*]" = YES;
				"INFOPLIST_KEY_UILaunchScreen_Generation[sdk=iphoneos*]" = YES;
				"INFOPLIST_KEY_UILaunchScreen_Generation[sdk=iphonesimulator*]" = YES;
				"INFOPLIST_KEY_UIStatusBarStyle[sdk=iphoneos*]" = UIStatusBarStyleDefault;
				"INFOPLIST_KEY_UIStatusBarStyle[sdk=iphonesimulator*]" = UIStatusBarStyleDefault;
				INFOPLIST_KEY_UISupportedInterfaceOrientations_iPad = "UIInterfaceOrientationPortrait UIInterfaceOrientationPortraitUpsideDown UIInterfaceOrientationLandscapeLeft UIInterfaceOrientationLandscapeRight";
				INFOPLIST_KEY_UISupportedInterfaceOrientations_iPhone = "UIInterfaceOrientationPortrait UIInterfaceOrientationLandscapeLeft UIInterfaceOrientationLandscapeRight";
				IPHONEOS_DEPLOYMENT_TARGET = 17.4;
				LD_RUNPATH_SEARCH_PATHS = "@executable_path/Frameworks";
				"LD_RUNPATH_SEARCH_PATHS[sdk=macosx*]" = "@executable_path/../Frameworks";
				MACOSX_DEPLOYMENT_TARGET = 14.4;
				MARKETING_VERSION = 1.0;
				PRODUCT_BUNDLE_IDENTIFIER = com.kuczynskihubert.MultiplicationQuiz;
				PRODUCT_NAME = "$(TARGET_NAME)";
				SDKROOT = auto;
				SUPPORTED_PLATFORMS = "iphoneos iphonesimulator macosx";
				SWIFT_EMIT_LOC_STRINGS = YES;
				SWIFT_VERSION = 5.0;
				TARGETED_DEVICE_FAMILY = "1,2";
			};
			name = Release;
		};
/* End XCBuildConfiguration section */

/* Begin XCConfigurationList section */
		661CFE382C29BC73008D35A4 /* Build configuration list for PBXProject "MultiplicationQuiz" */ = {
			isa = XCConfigurationList;
			buildConfigurations = (
				661CFE4A2C29BC75008D35A4 /* Debug */,
				661CFE4B2C29BC75008D35A4 /* Release */,
			);
			defaultConfigurationIsVisible = 0;
			defaultConfigurationName = Release;
		};
		661CFE4C2C29BC75008D35A4 /* Build configuration list for PBXNativeTarget "MultiplicationQuiz" */ = {
			isa = XCConfigurationList;
			buildConfigurations = (
				661CFE4D2C29BC75008D35A4 /* Debug */,
				661CFE4E2C29BC75008D35A4 /* Release */,
			);
			defaultConfigurationIsVisible = 0;
			defaultConfigurationName = Release;
		};
/* End XCConfigurationList section */
	};
	rootObject = 661CFE352C29BC73008D35A4 /* Project object */;
}
